
Microsoft Visual Studio Solution File, Format Version 12.00
# Visual Studio Version 17
VisualStudioVersion = 17.6.33815.320
MinimumVisualStudioVersion = 10.0.40219.1
Project("{2150E333-8FDC-42A3-9474-1A3956D46DE8}") = "Services", "Services", "{9BA5A427-9E3B-42EB-B8E9-19DB2A07A82D}"
EndProject
Project("{2150E333-8FDC-42A3-9474-1A3956D46DE8}") = "Catalog", "Catalog", "{17E69B14-2FD4-454F-98CD-4B83742BD1CF}"
EndProject
Project("{9A19103F-16F7-4668-BE54-9A1E7A4F7556}") = "FreeCourse.Services.Catalog", "Services\Catalog\FreeCourse.Services.Catalog\FreeCourse.Services.Catalog.csproj", "{2130C5B2-99FE-45A9-A9FA-8CF9669F1C21}"
EndProject
Project("{2150E333-8FDC-42A3-9474-1A3956D46DE8}") = "Solution Items", "Solution Items", "{DE135B43-E57A-458D-ADD8-B2DB8DD21BAC}"
	ProjectSection(SolutionItems) = preProject
		Ports.txt = Ports.txt
	EndProjectSection
EndProject
Project("{2150E333-8FDC-42A3-9474-1A3956D46DE8}") = "Shared", "Shared", "{3B4B73E3-E739-45D4-9718-4D2F5525F35C}"
EndProject
Project("{9A19103F-16F7-4668-BE54-9A1E7A4F7556}") = "FreeCourse.Shared", "Shared\FreeCourse.Shared\FreeCourse.Shared.csproj", "{80F9CE42-FC17-4EDD-A389-456F23FCE821}"
EndProject
Project("{2150E333-8FDC-42A3-9474-1A3956D46DE8}") = "IdentityServer", "IdentityServer", "{21C411D8-4CF8-40E5-9E92-A6A8B1C59A47}"
EndProject
Project("{2150E333-8FDC-42A3-9474-1A3956D46DE8}") = "FreeCourse.IdentityServer", "FreeCourse.IdentityServer", "{771E774C-CEA8-4E4B-A148-68F877DDB75D}"
EndProject
Project("{9A19103F-16F7-4668-BE54-9A1E7A4F7556}") = "FreeCourse.IdentityServer", "IdentityServer\FreeCourse.IdentityServer\FreeCourse.IdentityServer.csproj", "{9A50D2B9-76EE-47CB-A7FC-708B7D2B71F2}"
EndProject
Project("{2150E333-8FDC-42A3-9474-1A3956D46DE8}") = "Basket", "Basket", "{29C1B073-75D8-4B65-91BB-EDAA9F19A813}"
EndProject
Project("{9A19103F-16F7-4668-BE54-9A1E7A4F7556}") = "FreeCourse.Services.Basket", "Services\Basket\FreeCourse.Services.Basket\FreeCourse.Services.Basket.csproj", "{EF6E9F8A-AAA7-4D1A-8E71-41EA6DE70EA7}"
EndProject
Project("{2150E333-8FDC-42A3-9474-1A3956D46DE8}") = "PhotoStock", "PhotoStock", "{3EEC66DE-F8E5-4595-B1AA-F863CB74D4BA}"
EndProject
Project("{9A19103F-16F7-4668-BE54-9A1E7A4F7556}") = "FreeCourse.Services.PhotoStock", "Services\PhotoStock\FreeCourse.Services.PhotoStock\FreeCourse.Services.PhotoStock.csproj", "{659C628F-DBD7-4274-993A-A4C1D64A837E}"
EndProject
Project("{2150E333-8FDC-42A3-9474-1A3956D46DE8}") = "Discount", "Discount", "{619879B3-3C73-4779-A8FE-250324B6933B}"
EndProject
Project("{9A19103F-16F7-4668-BE54-9A1E7A4F7556}") = "FreeCourse.Services.Discount", "Services\Discount\FreeCourse.Services.Discount\FreeCourse.Services.Discount.csproj", "{81DEBACB-C0BC-417D-BE8E-3F30041E68EE}"
EndProject
Project("{2150E333-8FDC-42A3-9474-1A3956D46DE8}") = "Order", "Order", "{E67C4666-34AA-43C5-B7D6-08FA3DEDBFFC}"
EndProject
Project("{9A19103F-16F7-4668-BE54-9A1E7A4F7556}") = "FreeCourse.Services.Order.API", "Services\Order\FreeCourse.Services.Order.API\FreeCourse.Services.Order.API.csproj", "{18CDD15B-6237-4F06-943D-E2B1562BB099}"
EndProject
Project("{9A19103F-16F7-4668-BE54-9A1E7A4F7556}") = "FreeCourse.Services.Order.Application", "Services\Order\FreeCourse.Services.Order.Application\FreeCourse.Services.Order.Application.csproj", "{5C8751D9-0426-4E34-996D-08C63288C77F}"
EndProject
Project("{9A19103F-16F7-4668-BE54-9A1E7A4F7556}") = "FreeCourse.Services.Order.Domain", "Services\Order\FreeCourse.Services.Order.Domain\FreeCourse.Services.Order.Domain.csproj", "{A9C392B9-53E8-4973-B159-546CD0845C7D}"
EndProject
Project("{9A19103F-16F7-4668-BE54-9A1E7A4F7556}") = "FreeCourse.Services.Order.Domain.Core", "Services\Order\FreeCourse.Services.Order.Domain.Core\FreeCourse.Services.Order.Domain.Core.csproj", "{07B8CB99-0992-417B-AC80-D65ABDFC0131}"
EndProject
Project("{9A19103F-16F7-4668-BE54-9A1E7A4F7556}") = "FreeCourse.Services.Order.Infrastructure", "Services\Order\FreeCourse.Services.Order.Infrastructure\FreeCourse.Services.Order.Infrastructure.csproj", "{FF519D15-AB31-4E0A-8073-EA010C90661C}"
EndProject
Project("{2150E333-8FDC-42A3-9474-1A3956D46DE8}") = "FakePayment", "FakePayment", "{430ABC51-86A7-435A-8BAF-5BB6C3325297}"
EndProject
Project("{9A19103F-16F7-4668-BE54-9A1E7A4F7556}") = "FreeCourse.Services.FakePayment", "Services\FakePayment\FreeCourse.Services.FakePayment\FreeCourse.Services.FakePayment.csproj", "{88C13212-BF7F-4757-BD92-FEE0EE88C330}"
EndProject
Project("{2150E333-8FDC-42A3-9474-1A3956D46DE8}") = "Gateways", "Gateways", "{8573AFA8-C42D-468C-AE76-BF85283C240F}"
EndProject
Project("{FAE04EC0-301F-11D3-BF4B-00C04F79EFBC}") = "FreeCourse.Gateway", "Gateways\FreeCourse.Gateway\FreeCourse.Gateway.csproj", "{E3DA4583-2BF3-4490-A33F-129F2BE8B53C}"
EndProject
Project("{2150E333-8FDC-42A3-9474-1A3956D46DE8}") = "Clients", "Clients", "{95271781-7635-4014-A1A1-66E17FDCD8E2}"
EndProject
Project("{FAE04EC0-301F-11D3-BF4B-00C04F79EFBC}") = "FreeCourse.Web", "Clients\FreeCourse.Web\FreeCourse.Web.csproj", "{562BFDFC-3F72-4CF0-9BAA-D24BA893D200}"
EndProject
Global
	GlobalSection(SolutionConfigurationPlatforms) = preSolution
		Debug|Any CPU = Debug|Any CPU
		Release|Any CPU = Release|Any CPU
	EndGlobalSection
	GlobalSection(ProjectConfigurationPlatforms) = postSolution
		{2130C5B2-99FE-45A9-A9FA-8CF9669F1C21}.Debug|Any CPU.ActiveCfg = Debug|Any CPU
		{2130C5B2-99FE-45A9-A9FA-8CF9669F1C21}.Debug|Any CPU.Build.0 = Debug|Any CPU
		{2130C5B2-99FE-45A9-A9FA-8CF9669F1C21}.Release|Any CPU.ActiveCfg = Release|Any CPU
		{2130C5B2-99FE-45A9-A9FA-8CF9669F1C21}.Release|Any CPU.Build.0 = Release|Any CPU
		{80F9CE42-FC17-4EDD-A389-456F23FCE821}.Debug|Any CPU.ActiveCfg = Debug|Any CPU
		{80F9CE42-FC17-4EDD-A389-456F23FCE821}.Debug|Any CPU.Build.0 = Debug|Any CPU
		{80F9CE42-FC17-4EDD-A389-456F23FCE821}.Release|Any CPU.ActiveCfg = Release|Any CPU
		{80F9CE42-FC17-4EDD-A389-456F23FCE821}.Release|Any CPU.Build.0 = Release|Any CPU
		{9A50D2B9-76EE-47CB-A7FC-708B7D2B71F2}.Debug|Any CPU.ActiveCfg = Debug|Any CPU
		{9A50D2B9-76EE-47CB-A7FC-708B7D2B71F2}.Debug|Any CPU.Build.0 = Debug|Any CPU
		{9A50D2B9-76EE-47CB-A7FC-708B7D2B71F2}.Release|Any CPU.ActiveCfg = Release|Any CPU
		{9A50D2B9-76EE-47CB-A7FC-708B7D2B71F2}.Release|Any CPU.Build.0 = Release|Any CPU
		{EF6E9F8A-AAA7-4D1A-8E71-41EA6DE70EA7}.Debug|Any CPU.ActiveCfg = Debug|Any CPU
		{EF6E9F8A-AAA7-4D1A-8E71-41EA6DE70EA7}.Debug|Any CPU.Build.0 = Debug|Any CPU
		{EF6E9F8A-AAA7-4D1A-8E71-41EA6DE70EA7}.Release|Any CPU.ActiveCfg = Release|Any CPU
		{EF6E9F8A-AAA7-4D1A-8E71-41EA6DE70EA7}.Release|Any CPU.Build.0 = Release|Any CPU
		{659C628F-DBD7-4274-993A-A4C1D64A837E}.Debug|Any CPU.ActiveCfg = Debug|Any CPU
		{659C628F-DBD7-4274-993A-A4C1D64A837E}.Debug|Any CPU.Build.0 = Debug|Any CPU
		{659C628F-DBD7-4274-993A-A4C1D64A837E}.Release|Any CPU.ActiveCfg = Release|Any CPU
		{659C628F-DBD7-4274-993A-A4C1D64A837E}.Release|Any CPU.Build.0 = Release|Any CPU
		{81DEBACB-C0BC-417D-BE8E-3F30041E68EE}.Debug|Any CPU.ActiveCfg = Debug|Any CPU
		{81DEBACB-C0BC-417D-BE8E-3F30041E68EE}.Debug|Any CPU.Build.0 = Debug|Any CPU
		{81DEBACB-C0BC-417D-BE8E-3F30041E68EE}.Release|Any CPU.ActiveCfg = Release|Any CPU
		{81DEBACB-C0BC-417D-BE8E-3F30041E68EE}.Release|Any CPU.Build.0 = Release|Any CPU
		{18CDD15B-6237-4F06-943D-E2B1562BB099}.Debug|Any CPU.ActiveCfg = Debug|Any CPU
		{18CDD15B-6237-4F06-943D-E2B1562BB099}.Debug|Any CPU.Build.0 = Debug|Any CPU
		{18CDD15B-6237-4F06-943D-E2B1562BB099}.Release|Any CPU.ActiveCfg = Release|Any CPU
		{18CDD15B-6237-4F06-943D-E2B1562BB099}.Release|Any CPU.Build.0 = Release|Any CPU
		{5C8751D9-0426-4E34-996D-08C63288C77F}.Debug|Any CPU.ActiveCfg = Debug|Any CPU
		{5C8751D9-0426-4E34-996D-08C63288C77F}.Debug|Any CPU.Build.0 = Debug|Any CPU
		{5C8751D9-0426-4E34-996D-08C63288C77F}.Release|Any CPU.ActiveCfg = Release|Any CPU
		{5C8751D9-0426-4E34-996D-08C63288C77F}.Release|Any CPU.Build.0 = Release|Any CPU
		{A9C392B9-53E8-4973-B159-546CD0845C7D}.Debug|Any CPU.ActiveCfg = Debug|Any CPU
		{A9C392B9-53E8-4973-B159-546CD0845C7D}.Debug|Any CPU.Build.0 = Debug|Any CPU
		{A9C392B9-53E8-4973-B159-546CD0845C7D}.Release|Any CPU.ActiveCfg = Release|Any CPU
		{A9C392B9-53E8-4973-B159-546CD0845C7D}.Release|Any CPU.Build.0 = Release|Any CPU
		{07B8CB99-0992-417B-AC80-D65ABDFC0131}.Debug|Any CPU.ActiveCfg = Debug|Any CPU
		{07B8CB99-0992-417B-AC80-D65ABDFC0131}.Debug|Any CPU.Build.0 = Debug|Any CPU
		{07B8CB99-0992-417B-AC80-D65ABDFC0131}.Release|Any CPU.ActiveCfg = Release|Any CPU
		{07B8CB99-0992-417B-AC80-D65ABDFC0131}.Release|Any CPU.Build.0 = Release|Any CPU
		{FF519D15-AB31-4E0A-8073-EA010C90661C}.Debug|Any CPU.ActiveCfg = Debug|Any CPU
		{FF519D15-AB31-4E0A-8073-EA010C90661C}.Debug|Any CPU.Build.0 = Debug|Any CPU
		{FF519D15-AB31-4E0A-8073-EA010C90661C}.Release|Any CPU.ActiveCfg = Release|Any CPU
		{FF519D15-AB31-4E0A-8073-EA010C90661C}.Release|Any CPU.Build.0 = Release|Any CPU
		{88C13212-BF7F-4757-BD92-FEE0EE88C330}.Debug|Any CPU.ActiveCfg = Debug|Any CPU
		{88C13212-BF7F-4757-BD92-FEE0EE88C330}.Debug|Any CPU.Build.0 = Debug|Any CPU
		{88C13212-BF7F-4757-BD92-FEE0EE88C330}.Release|Any CPU.ActiveCfg = Release|Any CPU
		{88C13212-BF7F-4757-BD92-FEE0EE88C330}.Release|Any CPU.Build.0 = Release|Any CPU
		{E3DA4583-2BF3-4490-A33F-129F2BE8B53C}.Debug|Any CPU.ActiveCfg = Debug|Any CPU
		{E3DA4583-2BF3-4490-A33F-129F2BE8B53C}.Debug|Any CPU.Build.0 = Debug|Any CPU
		{E3DA4583-2BF3-4490-A33F-129F2BE8B53C}.Release|Any CPU.ActiveCfg = Release|Any CPU
		{E3DA4583-2BF3-4490-A33F-129F2BE8B53C}.Release|Any CPU.Build.0 = Release|Any CPU
		{562BFDFC-3F72-4CF0-9BAA-D24BA893D200}.Debug|Any CPU.ActiveCfg = Debug|Any CPU
		{562BFDFC-3F72-4CF0-9BAA-D24BA893D200}.Debug|Any CPU.Build.0 = Debug|Any CPU
		{562BFDFC-3F72-4CF0-9BAA-D24BA893D200}.Release|Any CPU.ActiveCfg = Release|Any CPU
		{562BFDFC-3F72-4CF0-9BAA-D24BA893D200}.Release|Any CPU.Build.0 = Release|Any CPU
	EndGlobalSection
	GlobalSection(SolutionProperties) = preSolution
		HideSolutionNode = FALSE
	EndGlobalSection
	GlobalSection(NestedProjects) = preSolution
		{17E69B14-2FD4-454F-98CD-4B83742BD1CF} = {9BA5A427-9E3B-42EB-B8E9-19DB2A07A82D}
		{2130C5B2-99FE-45A9-A9FA-8CF9669F1C21} = {17E69B14-2FD4-454F-98CD-4B83742BD1CF}
		{80F9CE42-FC17-4EDD-A389-456F23FCE821} = {3B4B73E3-E739-45D4-9718-4D2F5525F35C}
		{771E774C-CEA8-4E4B-A148-68F877DDB75D} = {21C411D8-4CF8-40E5-9E92-A6A8B1C59A47}
		{9A50D2B9-76EE-47CB-A7FC-708B7D2B71F2} = {771E774C-CEA8-4E4B-A148-68F877DDB75D}
		{29C1B073-75D8-4B65-91BB-EDAA9F19A813} = {9BA5A427-9E3B-42EB-B8E9-19DB2A07A82D}
		{EF6E9F8A-AAA7-4D1A-8E71-41EA6DE70EA7} = {29C1B073-75D8-4B65-91BB-EDAA9F19A813}
		{3EEC66DE-F8E5-4595-B1AA-F863CB74D4BA} = {9BA5A427-9E3B-42EB-B8E9-19DB2A07A82D}
		{659C628F-DBD7-4274-993A-A4C1D64A837E} = {3EEC66DE-F8E5-4595-B1AA-F863CB74D4BA}
		{619879B3-3C73-4779-A8FE-250324B6933B} = {9BA5A427-9E3B-42EB-B8E9-19DB2A07A82D}
		{81DEBACB-C0BC-417D-BE8E-3F30041E68EE} = {619879B3-3C73-4779-A8FE-250324B6933B}
		{E67C4666-34AA-43C5-B7D6-08FA3DEDBFFC} = {9BA5A427-9E3B-42EB-B8E9-19DB2A07A82D}
		{18CDD15B-6237-4F06-943D-E2B1562BB099} = {E67C4666-34AA-43C5-B7D6-08FA3DEDBFFC}
		{5C8751D9-0426-4E34-996D-08C63288C77F} = {E67C4666-34AA-43C5-B7D6-08FA3DEDBFFC}
		{A9C392B9-53E8-4973-B159-546CD0845C7D} = {E67C4666-34AA-43C5-B7D6-08FA3DEDBFFC}
		{07B8CB99-0992-417B-AC80-D65ABDFC0131} = {E67C4666-34AA-43C5-B7D6-08FA3DEDBFFC}
		{FF519D15-AB31-4E0A-8073-EA010C90661C} = {E67C4666-34AA-43C5-B7D6-08FA3DEDBFFC}
		{430ABC51-86A7-435A-8BAF-5BB6C3325297} = {9BA5A427-9E3B-42EB-B8E9-19DB2A07A82D}
		{88C13212-BF7F-4757-BD92-FEE0EE88C330} = {430ABC51-86A7-435A-8BAF-5BB6C3325297}
		{E3DA4583-2BF3-4490-A33F-129F2BE8B53C} = {8573AFA8-C42D-468C-AE76-BF85283C240F}
		{562BFDFC-3F72-4CF0-9BAA-D24BA893D200} = {95271781-7635-4014-A1A1-66E17FDCD8E2}
	EndGlobalSection
	GlobalSection(ExtensibilityGlobals) = postSolution
		SolutionGuid = {3EBA5B32-25F9-488E-B278-E0DE43A5CD78}
	EndGlobalSection
EndGlobal
