
Microsoft Visual Studio Solution File, Format Version 12.00
# Visual Studio Version 17
VisualStudioVersion = 17.6.33815.320
MinimumVisualStudioVersion = 10.0.40219.1
Project("{2150E333-8FDC-42A3-9474-1A3956D46DE8}") = "Services", "Services", "{9BA5A427-9E3B-42EB-B8E9-19DB2A07A82D}"
EndProject
Project("{2150E333-8FDC-42A3-9474-1A3956D46DE8}") = "Catalog", "Catalog", "{17E69B14-2FD4-454F-98CD-4B83742BD1CF}"
EndProject
Project("{9A19103F-16F7-4668-BE54-9A1E7A4F7556}") = "FreeCourse.Services.Catalog", "Services\Catalog\FreeCourse.Services.Catalog\FreeCourse.Services.Catalog.csproj", "{2130C5B2-99FE-45A9-A9FA-8CF9669F1C21}"
EndProject
Project("{2150E333-8FDC-42A3-9474-1A3956D46DE8}") = "Solution Items", "Solution Items", "{DE135B43-E57A-458D-ADD8-B2DB8DD21BAC}"
	ProjectSection(SolutionItems) = preProject
		Ports.txt = Ports.txt
	EndProjectSection
EndProject
Project("{2150E333-8FDC-42A3-9474-1A3956D46DE8}") = "Shared", "Shared", "{3B4B73E3-E739-45D4-9718-4D2F5525F35C}"
EndProject
Project("{FAE04EC0-301F-11D3-BF4B-00C04F79EFBC}") = "FreeCourse.Shared", "Shared\FreeCourse.Shared\FreeCourse.Shared.csproj", "{80F9CE42-FC17-4EDD-A389-456F23FCE821}"
EndProject
Global
	GlobalSection(SolutionConfigurationPlatforms) = preSolution
		Debug|Any CPU = Debug|Any CPU
		Release|Any CPU = Release|Any CPU
	EndGlobalSection
	GlobalSection(ProjectConfigurationPlatforms) = postSolution
		{2130C5B2-99FE-45A9-A9FA-8CF9669F1C21}.Debug|Any CPU.ActiveCfg = Debug|Any CPU
		{2130C5B2-99FE-45A9-A9FA-8CF9669F1C21}.Debug|Any CPU.Build.0 = Debug|Any CPU
		{2130C5B2-99FE-45A9-A9FA-8CF9669F1C21}.Release|Any CPU.ActiveCfg = Release|Any CPU
		{2130C5B2-99FE-45A9-A9FA-8CF9669F1C21}.Release|Any CPU.Build.0 = Release|Any CPU
		{80F9CE42-FC17-4EDD-A389-456F23FCE821}.Debug|Any CPU.ActiveCfg = Debug|Any CPU
		{80F9CE42-FC17-4EDD-A389-456F23FCE821}.Debug|Any CPU.Build.0 = Debug|Any CPU
		{80F9CE42-FC17-4EDD-A389-456F23FCE821}.Release|Any CPU.ActiveCfg = Release|Any CPU
		{80F9CE42-FC17-4EDD-A389-456F23FCE821}.Release|Any CPU.Build.0 = Release|Any CPU
	EndGlobalSection
	GlobalSection(SolutionProperties) = preSolution
		HideSolutionNode = FALSE
	EndGlobalSection
	GlobalSection(NestedProjects) = preSolution
		{17E69B14-2FD4-454F-98CD-4B83742BD1CF} = {9BA5A427-9E3B-42EB-B8E9-19DB2A07A82D}
		{2130C5B2-99FE-45A9-A9FA-8CF9669F1C21} = {17E69B14-2FD4-454F-98CD-4B83742BD1CF}
		{80F9CE42-FC17-4EDD-A389-456F23FCE821} = {3B4B73E3-E739-45D4-9718-4D2F5525F35C}
	EndGlobalSection
	GlobalSection(ExtensibilityGlobals) = postSolution
		SolutionGuid = {3EBA5B32-25F9-488E-B278-E0DE43A5CD78}
	EndGlobalSection
EndGlobal
